// !$*UTF8*$!
{
	archiveVersion = 1;
	classes = {
	};
	objectVersion = 46;
	objects = {

/* Begin PBXBuildFile section */
		EC05C2091B90E79300D93E51 /* Data.Char.swift in Sources */ = {isa = PBXBuildFile; fileRef = EC05C2081B90E79300D93E51 /* Data.Char.swift */; };
		EC05C20B1B90E83200D93E51 /* Data.CharSpec.swift in Sources */ = {isa = PBXBuildFile; fileRef = EC05C20A1B90E83200D93E51 /* Data.CharSpec.swift */; };
		EC07BEA91BE75082003E0EE8 /* SwiftCheck.framework in Frameworks */ = {isa = PBXBuildFile; fileRef = EC07BEA71BE75061003E0EE8 /* SwiftCheck.framework */; };
		EC07BEAB1BE75265003E0EE8 /* PlaySpec.swift in Sources */ = {isa = PBXBuildFile; fileRef = EC07BEAA1BE75265003E0EE8 /* PlaySpec.swift */; };
		EC07BEAC1BE7543A003E0EE8 /* SwiftCheck.framework in CopyFiles */ = {isa = PBXBuildFile; fileRef = EC07BEA71BE75061003E0EE8 /* SwiftCheck.framework */; settings = {ATTRIBUTES = (CodeSignOnCopy, RemoveHeadersOnCopy, ); }; };
		EC0F91021B959CEE00A79D74 /* Data.Ord.swift in Sources */ = {isa = PBXBuildFile; fileRef = EC0F91011B959CEE00A79D74 /* Data.Ord.swift */; };
		EC0F91041B959CFF00A79D74 /* Data.OrdSpec.swift in Sources */ = {isa = PBXBuildFile; fileRef = EC0F91031B959CFF00A79D74 /* Data.OrdSpec.swift */; };
		EC17FE9D1BEE952E00633AFC /* QualifierProtocol.swift in Sources */ = {isa = PBXBuildFile; fileRef = EC17FE9C1BEE952E00633AFC /* QualifierProtocol.swift */; };
		EC6634961BB48E0B0086B71B /* Control.Monad.swift in Sources */ = {isa = PBXBuildFile; fileRef = EC6634951BB48E0B0086B71B /* Control.Monad.swift */; };
		EC6634981BB48E2B0086B71B /* Control.MonadSpec.swift in Sources */ = {isa = PBXBuildFile; fileRef = EC6634971BB48E2B0086B71B /* Control.MonadSpec.swift */; };
		EC72BA2C1B97711100192C2B /* Control.Applicative.swift in Sources */ = {isa = PBXBuildFile; fileRef = EC72BA2B1B97711100192C2B /* Control.Applicative.swift */; };
		EC72BA2E1B97712000192C2B /* Control.ApplicativeSpec.swift in Sources */ = {isa = PBXBuildFile; fileRef = EC72BA2D1B97712000192C2B /* Control.ApplicativeSpec.swift */; };
		ECF75E871B7E1B420047B0F7 /* AppDelegate.swift in Sources */ = {isa = PBXBuildFile; fileRef = ECF75E861B7E1B420047B0F7 /* AppDelegate.swift */; };
		ECF75E8B1B7E1B420047B0F7 /* Assets.xcassets in Resources */ = {isa = PBXBuildFile; fileRef = ECF75E8A1B7E1B420047B0F7 /* Assets.xcassets */; };
		ECF75E8E1B7E1B420047B0F7 /* Main.storyboard in Resources */ = {isa = PBXBuildFile; fileRef = ECF75E8C1B7E1B420047B0F7 /* Main.storyboard */; };
		ECF75EA41B7E1B420047B0F7 /* HaskellSwiftUITests.swift in Sources */ = {isa = PBXBuildFile; fileRef = ECF75EA31B7E1B420047B0F7 /* HaskellSwiftUITests.swift */; };
		ECF75EB21B7E1B6E0047B0F7 /* Data.List.swift in Sources */ = {isa = PBXBuildFile; fileRef = ECF75EB11B7E1B6E0047B0F7 /* Data.List.swift */; };
		ECF75EBF1B7E1E810047B0F7 /* Nimble.framework in CopyFiles */ = {isa = PBXBuildFile; fileRef = ECF75EB41B7E1DA60047B0F7 /* Nimble.framework */; settings = {ATTRIBUTES = (CodeSignOnCopy, RemoveHeadersOnCopy, ); }; };
		ECF75EC01B7E1E810047B0F7 /* Quick.framework in CopyFiles */ = {isa = PBXBuildFile; fileRef = ECF75EB51B7E1DA60047B0F7 /* Quick.framework */; settings = {ATTRIBUTES = (CodeSignOnCopy, RemoveHeadersOnCopy, ); }; };
		ECF75EC11B7E1EA00047B0F7 /* Nimble.framework in Frameworks */ = {isa = PBXBuildFile; fileRef = ECF75EB41B7E1DA60047B0F7 /* Nimble.framework */; };
		ECF75EC21B7E1EA00047B0F7 /* Quick.framework in Frameworks */ = {isa = PBXBuildFile; fileRef = ECF75EB51B7E1DA60047B0F7 /* Quick.framework */; };
		ECF7E2761B94850100E5AC1F /* Data.Maybe.swift in Sources */ = {isa = PBXBuildFile; fileRef = ECF7E2751B94850100E5AC1F /* Data.Maybe.swift */; };
		ECF7E2781B94851D00E5AC1F /* Data.MaybeSpec.swift in Sources */ = {isa = PBXBuildFile; fileRef = ECF7E2771B94851D00E5AC1F /* Data.MaybeSpec.swift */; };
		ECF7E27A1B949B0800E5AC1F /* GHC.Num.swift in Sources */ = {isa = PBXBuildFile; fileRef = ECF7E2791B949B0800E5AC1F /* GHC.Num.swift */; };
		ECF7E27C1B949B1C00E5AC1F /* GHC.NumSpec.swift in Sources */ = {isa = PBXBuildFile; fileRef = ECF7E27B1B949B1C00E5AC1F /* GHC.NumSpec.swift */; };
		ECF7E27D1B94E73C00E5AC1F /* Data.ListSpec.swift in Sources */ = {isa = PBXBuildFile; fileRef = ECF75E981B7E1B420047B0F7 /* Data.ListSpec.swift */; };
		ECFA70021B93319100DCEA5C /* Data.Functor.swift in Sources */ = {isa = PBXBuildFile; fileRef = ECFA70011B93319100DCEA5C /* Data.Functor.swift */; };
		ECFA70041B93319E00DCEA5C /* Data.FunctorSpec.swift in Sources */ = {isa = PBXBuildFile; fileRef = ECFA70031B93319E00DCEA5C /* Data.FunctorSpec.swift */; };
		ECFAB3471B92089300017F83 /* Data.Tuple.swift in Sources */ = {isa = PBXBuildFile; fileRef = ECFAB3461B92089300017F83 /* Data.Tuple.swift */; };
		ECFAB3491B92096300017F83 /* Data.TupleSpec.swift in Sources */ = {isa = PBXBuildFile; fileRef = ECFAB3481B92096300017F83 /* Data.TupleSpec.swift */; };
/* End PBXBuildFile section */

/* Begin PBXContainerItemProxy section */
		ECF75E951B7E1B420047B0F7 /* PBXContainerItemProxy */ = {
			isa = PBXContainerItemProxy;
			containerPortal = ECF75E7B1B7E1B420047B0F7 /* Project object */;
			proxyType = 1;
			remoteGlobalIDString = ECF75E821B7E1B420047B0F7;
			remoteInfo = HaskellSwift;
		};
		ECF75EA01B7E1B420047B0F7 /* PBXContainerItemProxy */ = {
			isa = PBXContainerItemProxy;
			containerPortal = ECF75E7B1B7E1B420047B0F7 /* Project object */;
			proxyType = 1;
			remoteGlobalIDString = ECF75E821B7E1B420047B0F7;
			remoteInfo = HaskellSwift;
		};
/* End PBXContainerItemProxy section */

/* Begin PBXCopyFilesBuildPhase section */
		ECF75EBA1B7E1DC30047B0F7 /* CopyFiles */ = {
			isa = PBXCopyFilesBuildPhase;
			buildActionMask = 2147483647;
			dstPath = "";
			dstSubfolderSpec = 10;
			files = (
			);
			runOnlyForDeploymentPostprocessing = 0;
		};
		ECF75EBE1B7E1E770047B0F7 /* CopyFiles */ = {
			isa = PBXCopyFilesBuildPhase;
			buildActionMask = 2147483647;
			dstPath = "";
			dstSubfolderSpec = 10;
			files = (
				EC07BEAC1BE7543A003E0EE8 /* SwiftCheck.framework in CopyFiles */,
				ECF75EBF1B7E1E810047B0F7 /* Nimble.framework in CopyFiles */,
				ECF75EC01B7E1E810047B0F7 /* Quick.framework in CopyFiles */,
			);
			runOnlyForDeploymentPostprocessing = 0;
		};
/* End PBXCopyFilesBuildPhase section */

/* Begin PBXFileReference section */
		EC05C2081B90E79300D93E51 /* Data.Char.swift */ = {isa = PBXFileReference; fileEncoding = 4; lastKnownFileType = sourcecode.swift; path = Data.Char.swift; sourceTree = "<group>"; };
		EC05C20A1B90E83200D93E51 /* Data.CharSpec.swift */ = {isa = PBXFileReference; fileEncoding = 4; lastKnownFileType = sourcecode.swift; path = Data.CharSpec.swift; sourceTree = "<group>"; };
		EC07BEA71BE75061003E0EE8 /* SwiftCheck.framework */ = {isa = PBXFileReference; lastKnownFileType = wrapper.framework; path = SwiftCheck.framework; sourceTree = "<group>"; };
		EC07BEAA1BE75265003E0EE8 /* PlaySpec.swift */ = {isa = PBXFileReference; fileEncoding = 4; lastKnownFileType = sourcecode.swift; path = PlaySpec.swift; sourceTree = "<group>"; };
		EC0F91011B959CEE00A79D74 /* Data.Ord.swift */ = {isa = PBXFileReference; fileEncoding = 4; lastKnownFileType = sourcecode.swift; path = Data.Ord.swift; sourceTree = "<group>"; };
		EC0F91031B959CFF00A79D74 /* Data.OrdSpec.swift */ = {isa = PBXFileReference; fileEncoding = 4; lastKnownFileType = sourcecode.swift; path = Data.OrdSpec.swift; sourceTree = "<group>"; };
		EC17FE9C1BEE952E00633AFC /* QualifierProtocol.swift */ = {isa = PBXFileReference; fileEncoding = 4; lastKnownFileType = sourcecode.swift; path = QualifierProtocol.swift; sourceTree = "<group>"; };
		EC6634951BB48E0B0086B71B /* Control.Monad.swift */ = {isa = PBXFileReference; fileEncoding = 4; lastKnownFileType = sourcecode.swift; path = Control.Monad.swift; sourceTree = "<group>"; };
		EC6634971BB48E2B0086B71B /* Control.MonadSpec.swift */ = {isa = PBXFileReference; fileEncoding = 4; lastKnownFileType = sourcecode.swift; path = Control.MonadSpec.swift; sourceTree = "<group>"; };
		EC72BA2B1B97711100192C2B /* Control.Applicative.swift */ = {isa = PBXFileReference; fileEncoding = 4; lastKnownFileType = sourcecode.swift; path = Control.Applicative.swift; sourceTree = "<group>"; };
		EC72BA2D1B97712000192C2B /* Control.ApplicativeSpec.swift */ = {isa = PBXFileReference; fileEncoding = 4; lastKnownFileType = sourcecode.swift; path = Control.ApplicativeSpec.swift; sourceTree = "<group>"; };
		ECF75E831B7E1B420047B0F7 /* HaskellSwift.app */ = {isa = PBXFileReference; explicitFileType = wrapper.application; includeInIndex = 0; path = HaskellSwift.app; sourceTree = BUILT_PRODUCTS_DIR; };
		ECF75E861B7E1B420047B0F7 /* AppDelegate.swift */ = {isa = PBXFileReference; lastKnownFileType = sourcecode.swift; path = AppDelegate.swift; sourceTree = "<group>"; };
		ECF75E8A1B7E1B420047B0F7 /* Assets.xcassets */ = {isa = PBXFileReference; lastKnownFileType = folder.assetcatalog; path = Assets.xcassets; sourceTree = "<group>"; };
		ECF75E8D1B7E1B420047B0F7 /* Base */ = {isa = PBXFileReference; lastKnownFileType = file.storyboard; name = Base; path = Base.lproj/Main.storyboard; sourceTree = "<group>"; };
		ECF75E8F1B7E1B420047B0F7 /* Info.plist */ = {isa = PBXFileReference; lastKnownFileType = text.plist.xml; path = Info.plist; sourceTree = "<group>"; };
		ECF75E941B7E1B420047B0F7 /* HaskellSwiftTests.xctest */ = {isa = PBXFileReference; explicitFileType = wrapper.cfbundle; includeInIndex = 0; path = HaskellSwiftTests.xctest; sourceTree = BUILT_PRODUCTS_DIR; };
		ECF75E981B7E1B420047B0F7 /* Data.ListSpec.swift */ = {isa = PBXFileReference; lastKnownFileType = sourcecode.swift; path = Data.ListSpec.swift; sourceTree = "<group>"; };
		ECF75E9A1B7E1B420047B0F7 /* Info.plist */ = {isa = PBXFileReference; lastKnownFileType = text.plist.xml; path = Info.plist; sourceTree = "<group>"; };
		ECF75E9F1B7E1B420047B0F7 /* HaskellSwiftUITests.xctest */ = {isa = PBXFileReference; explicitFileType = wrapper.cfbundle; includeInIndex = 0; path = HaskellSwiftUITests.xctest; sourceTree = BUILT_PRODUCTS_DIR; };
		ECF75EA31B7E1B420047B0F7 /* HaskellSwiftUITests.swift */ = {isa = PBXFileReference; lastKnownFileType = sourcecode.swift; path = HaskellSwiftUITests.swift; sourceTree = "<group>"; };
		ECF75EA51B7E1B420047B0F7 /* Info.plist */ = {isa = PBXFileReference; lastKnownFileType = text.plist.xml; path = Info.plist; sourceTree = "<group>"; };
		ECF75EB11B7E1B6E0047B0F7 /* Data.List.swift */ = {isa = PBXFileReference; fileEncoding = 4; lastKnownFileType = sourcecode.swift; path = Data.List.swift; sourceTree = "<group>"; };
		ECF75EB41B7E1DA60047B0F7 /* Nimble.framework */ = {isa = PBXFileReference; lastKnownFileType = wrapper.framework; path = Nimble.framework; sourceTree = "<group>"; };
		ECF75EB51B7E1DA60047B0F7 /* Quick.framework */ = {isa = PBXFileReference; lastKnownFileType = wrapper.framework; path = Quick.framework; sourceTree = "<group>"; };
		ECF7E2751B94850100E5AC1F /* Data.Maybe.swift */ = {isa = PBXFileReference; fileEncoding = 4; lastKnownFileType = sourcecode.swift; path = Data.Maybe.swift; sourceTree = "<group>"; };
		ECF7E2771B94851D00E5AC1F /* Data.MaybeSpec.swift */ = {isa = PBXFileReference; fileEncoding = 4; lastKnownFileType = sourcecode.swift; path = Data.MaybeSpec.swift; sourceTree = "<group>"; };
		ECF7E2791B949B0800E5AC1F /* GHC.Num.swift */ = {isa = PBXFileReference; fileEncoding = 4; lastKnownFileType = sourcecode.swift; path = GHC.Num.swift; sourceTree = "<group>"; };
		ECF7E27B1B949B1C00E5AC1F /* GHC.NumSpec.swift */ = {isa = PBXFileReference; fileEncoding = 4; lastKnownFileType = sourcecode.swift; path = GHC.NumSpec.swift; sourceTree = "<group>"; };
		ECFA70011B93319100DCEA5C /* Data.Functor.swift */ = {isa = PBXFileReference; fileEncoding = 4; lastKnownFileType = sourcecode.swift; path = Data.Functor.swift; sourceTree = "<group>"; };
		ECFA70031B93319E00DCEA5C /* Data.FunctorSpec.swift */ = {isa = PBXFileReference; fileEncoding = 4; lastKnownFileType = sourcecode.swift; path = Data.FunctorSpec.swift; sourceTree = "<group>"; };
		ECFAB3461B92089300017F83 /* Data.Tuple.swift */ = {isa = PBXFileReference; fileEncoding = 4; lastKnownFileType = sourcecode.swift; path = Data.Tuple.swift; sourceTree = "<group>"; };
		ECFAB3481B92096300017F83 /* Data.TupleSpec.swift */ = {isa = PBXFileReference; fileEncoding = 4; lastKnownFileType = sourcecode.swift; path = Data.TupleSpec.swift; sourceTree = "<group>"; };
/* End PBXFileReference section */

/* Begin PBXFrameworksBuildPhase section */
		ECF75E801B7E1B420047B0F7 /* Frameworks */ = {
			isa = PBXFrameworksBuildPhase;
			buildActionMask = 2147483647;
			files = (
			);
			runOnlyForDeploymentPostprocessing = 0;
		};
		ECF75E911B7E1B420047B0F7 /* Frameworks */ = {
			isa = PBXFrameworksBuildPhase;
			buildActionMask = 2147483647;
			files = (
				ECF75EC11B7E1EA00047B0F7 /* Nimble.framework in Frameworks */,
				ECF75EC21B7E1EA00047B0F7 /* Quick.framework in Frameworks */,
				EC07BEA91BE75082003E0EE8 /* SwiftCheck.framework in Frameworks */,
			);
			runOnlyForDeploymentPostprocessing = 0;
		};
		ECF75E9C1B7E1B420047B0F7 /* Frameworks */ = {
			isa = PBXFrameworksBuildPhase;
			buildActionMask = 2147483647;
			files = (
			);
			runOnlyForDeploymentPostprocessing = 0;
		};
/* End PBXFrameworksBuildPhase section */

/* Begin PBXGroup section */
		EC72BA2F1B97932A00192C2B /* Data */ = {
			isa = PBXGroup;
			children = (
				ECF75EB11B7E1B6E0047B0F7 /* Data.List.swift */,
				EC05C2081B90E79300D93E51 /* Data.Char.swift */,
				ECFAB3461B92089300017F83 /* Data.Tuple.swift */,
				ECFA70011B93319100DCEA5C /* Data.Functor.swift */,
				ECF7E2751B94850100E5AC1F /* Data.Maybe.swift */,
				EC0F91011B959CEE00A79D74 /* Data.Ord.swift */,
			);
			name = Data;
			sourceTree = "<group>";
		};
		EC72BA301B97933E00192C2B /* Supporting Files */ = {
			isa = PBXGroup;
			children = (
				ECF75E8F1B7E1B420047B0F7 /* Info.plist */,
				ECF75E861B7E1B420047B0F7 /* AppDelegate.swift */,
				ECF75E8A1B7E1B420047B0F7 /* Assets.xcassets */,
				ECF75E8C1B7E1B420047B0F7 /* Main.storyboard */,
			);
			name = "Supporting Files";
			sourceTree = "<group>";
		};
		EC72BA311B97936800192C2B /* Control */ = {
			isa = PBXGroup;
			children = (
				EC72BA2B1B97711100192C2B /* Control.Applicative.swift */,
				EC6634951BB48E0B0086B71B /* Control.Monad.swift */,
			);
			name = Control;
			sourceTree = "<group>";
		};
		EC72BA321B97937500192C2B /* GHC */ = {
			isa = PBXGroup;
			children = (
				ECF7E2791B949B0800E5AC1F /* GHC.Num.swift */,
			);
			name = GHC;
			sourceTree = "<group>";
		};
		ECF75E7A1B7E1B420047B0F7 = {
			isa = PBXGroup;
			children = (
				ECF75E851B7E1B420047B0F7 /* HaskellSwift */,
				ECF75E971B7E1B420047B0F7 /* HaskellSwiftTests */,
				ECF75EB31B7E1DA60047B0F7 /* Frameworks */,
				ECF75EA21B7E1B420047B0F7 /* HaskellSwiftUITests */,
				ECF75E841B7E1B420047B0F7 /* Products */,
			);
			sourceTree = "<group>";
		};
		ECF75E841B7E1B420047B0F7 /* Products */ = {
			isa = PBXGroup;
			children = (
				ECF75E831B7E1B420047B0F7 /* HaskellSwift.app */,
				ECF75E941B7E1B420047B0F7 /* HaskellSwiftTests.xctest */,
				ECF75E9F1B7E1B420047B0F7 /* HaskellSwiftUITests.xctest */,
			);
			name = Products;
			sourceTree = "<group>";
		};
		ECF75E851B7E1B420047B0F7 /* HaskellSwift */ = {
			isa = PBXGroup;
			children = (
				EC72BA321B97937500192C2B /* GHC */,
				EC72BA311B97936800192C2B /* Control */,
				EC72BA2F1B97932A00192C2B /* Data */,
				EC72BA301B97933E00192C2B /* Supporting Files */,
			);
			path = HaskellSwift;
			sourceTree = "<group>";
		};
		ECF75E971B7E1B420047B0F7 /* HaskellSwiftTests */ = {
			isa = PBXGroup;
			children = (
				ECF75E9A1B7E1B420047B0F7 /* Info.plist */,
				ECF75E981B7E1B420047B0F7 /* Data.ListSpec.swift */,
				EC05C20A1B90E83200D93E51 /* Data.CharSpec.swift */,
				ECFAB3481B92096300017F83 /* Data.TupleSpec.swift */,
				ECFA70031B93319E00DCEA5C /* Data.FunctorSpec.swift */,
				ECF7E2771B94851D00E5AC1F /* Data.MaybeSpec.swift */,
				EC0F91031B959CFF00A79D74 /* Data.OrdSpec.swift */,
				ECF7E27B1B949B1C00E5AC1F /* GHC.NumSpec.swift */,
				EC72BA2D1B97712000192C2B /* Control.ApplicativeSpec.swift */,
				EC6634971BB48E2B0086B71B /* Control.MonadSpec.swift */,
				EC07BEAA1BE75265003E0EE8 /* PlaySpec.swift */,
				EC17FE9C1BEE952E00633AFC /* QualifierProtocol.swift */,
			);
			path = HaskellSwiftTests;
			sourceTree = "<group>";
		};
		ECF75EA21B7E1B420047B0F7 /* HaskellSwiftUITests */ = {
			isa = PBXGroup;
			children = (
				ECF75EA31B7E1B420047B0F7 /* HaskellSwiftUITests.swift */,
				ECF75EA51B7E1B420047B0F7 /* Info.plist */,
			);
			path = HaskellSwiftUITests;
			sourceTree = "<group>";
		};
		ECF75EB31B7E1DA60047B0F7 /* Frameworks */ = {
			isa = PBXGroup;
			children = (
				EC07BEA71BE75061003E0EE8 /* SwiftCheck.framework */,
				ECF75EB41B7E1DA60047B0F7 /* Nimble.framework */,
				ECF75EB51B7E1DA60047B0F7 /* Quick.framework */,
			);
			path = Frameworks;
			sourceTree = "<group>";
		};
/* End PBXGroup section */

/* Begin PBXNativeTarget section */
		ECF75E821B7E1B420047B0F7 /* HaskellSwift */ = {
			isa = PBXNativeTarget;
			buildConfigurationList = ECF75EA81B7E1B420047B0F7 /* Build configuration list for PBXNativeTarget "HaskellSwift" */;
			buildPhases = (
				ECF75E7F1B7E1B420047B0F7 /* Sources */,
				ECF75E801B7E1B420047B0F7 /* Frameworks */,
				ECF75E811B7E1B420047B0F7 /* Resources */,
				ECF75EBA1B7E1DC30047B0F7 /* CopyFiles */,
			);
			buildRules = (
			);
			dependencies = (
			);
			name = HaskellSwift;
			productName = HaskellSwift;
			productReference = ECF75E831B7E1B420047B0F7 /* HaskellSwift.app */;
			productType = "com.apple.product-type.application";
		};
		ECF75E931B7E1B420047B0F7 /* HaskellSwiftTests */ = {
			isa = PBXNativeTarget;
			buildConfigurationList = ECF75EAB1B7E1B420047B0F7 /* Build configuration list for PBXNativeTarget "HaskellSwiftTests" */;
			buildPhases = (
				ECF75E901B7E1B420047B0F7 /* Sources */,
				ECF75E911B7E1B420047B0F7 /* Frameworks */,
				ECF75E921B7E1B420047B0F7 /* Resources */,
				ECF75EBE1B7E1E770047B0F7 /* CopyFiles */,
			);
			buildRules = (
			);
			dependencies = (
				ECF75E961B7E1B420047B0F7 /* PBXTargetDependency */,
			);
			name = HaskellSwiftTests;
			productName = HaskellSwiftTests;
			productReference = ECF75E941B7E1B420047B0F7 /* HaskellSwiftTests.xctest */;
			productType = "com.apple.product-type.bundle.unit-test";
		};
		ECF75E9E1B7E1B420047B0F7 /* HaskellSwiftUITests */ = {
			isa = PBXNativeTarget;
			buildConfigurationList = ECF75EAE1B7E1B420047B0F7 /* Build configuration list for PBXNativeTarget "HaskellSwiftUITests" */;
			buildPhases = (
				ECF75E9B1B7E1B420047B0F7 /* Sources */,
				ECF75E9C1B7E1B420047B0F7 /* Frameworks */,
				ECF75E9D1B7E1B420047B0F7 /* Resources */,
			);
			buildRules = (
			);
			dependencies = (
				ECF75EA11B7E1B420047B0F7 /* PBXTargetDependency */,
			);
			name = HaskellSwiftUITests;
			productName = HaskellSwiftUITests;
			productReference = ECF75E9F1B7E1B420047B0F7 /* HaskellSwiftUITests.xctest */;
			productType = "com.apple.product-type.bundle.ui-testing";
		};
/* End PBXNativeTarget section */

/* Begin PBXProject section */
		ECF75E7B1B7E1B420047B0F7 /* Project object */ = {
			isa = PBXProject;
			attributes = {
				LastUpgradeCheck = 0700;
				ORGANIZATIONNAME = Liang;
				TargetAttributes = {
					ECF75E821B7E1B420047B0F7 = {
						CreatedOnToolsVersion = 7.0;
						DevelopmentTeam = NA5BE2D52P;
					};
					ECF75E931B7E1B420047B0F7 = {
						CreatedOnToolsVersion = 7.0;
						TestTargetID = ECF75E821B7E1B420047B0F7;
					};
					ECF75E9E1B7E1B420047B0F7 = {
						CreatedOnToolsVersion = 7.0;
						TestTargetID = ECF75E821B7E1B420047B0F7;
					};
				};
			};
			buildConfigurationList = ECF75E7E1B7E1B420047B0F7 /* Build configuration list for PBXProject "HaskellSwift" */;
			compatibilityVersion = "Xcode 3.2";
			developmentRegion = English;
			hasScannedForEncodings = 0;
			knownRegions = (
				en,
				Base,
			);
			mainGroup = ECF75E7A1B7E1B420047B0F7;
			productRefGroup = ECF75E841B7E1B420047B0F7 /* Products */;
			projectDirPath = "";
			projectRoot = "";
			targets = (
				ECF75E821B7E1B420047B0F7 /* HaskellSwift */,
				ECF75E931B7E1B420047B0F7 /* HaskellSwiftTests */,
				ECF75E9E1B7E1B420047B0F7 /* HaskellSwiftUITests */,
			);
		};
/* End PBXProject section */

/* Begin PBXResourcesBuildPhase section */
		ECF75E811B7E1B420047B0F7 /* Resources */ = {
			isa = PBXResourcesBuildPhase;
			buildActionMask = 2147483647;
			files = (
				ECF75E8B1B7E1B420047B0F7 /* Assets.xcassets in Resources */,
				ECF75E8E1B7E1B420047B0F7 /* Main.storyboard in Resources */,
			);
			runOnlyForDeploymentPostprocessing = 0;
		};
		ECF75E921B7E1B420047B0F7 /* Resources */ = {
			isa = PBXResourcesBuildPhase;
			buildActionMask = 2147483647;
			files = (
			);
			runOnlyForDeploymentPostprocessing = 0;
		};
		ECF75E9D1B7E1B420047B0F7 /* Resources */ = {
			isa = PBXResourcesBuildPhase;
			buildActionMask = 2147483647;
			files = (
			);
			runOnlyForDeploymentPostprocessing = 0;
		};
/* End PBXResourcesBuildPhase section */

/* Begin PBXSourcesBuildPhase section */
		ECF75E7F1B7E1B420047B0F7 /* Sources */ = {
			isa = PBXSourcesBuildPhase;
			buildActionMask = 2147483647;
			files = (
				EC05C2091B90E79300D93E51 /* Data.Char.swift in Sources */,
				EC0F91021B959CEE00A79D74 /* Data.Ord.swift in Sources */,
				ECFA70021B93319100DCEA5C /* Data.Functor.swift in Sources */,
				ECF75EB21B7E1B6E0047B0F7 /* Data.List.swift in Sources */,
				ECF7E27A1B949B0800E5AC1F /* GHC.Num.swift in Sources */,
				ECFAB3471B92089300017F83 /* Data.Tuple.swift in Sources */,
				ECF75E871B7E1B420047B0F7 /* AppDelegate.swift in Sources */,
				ECF7E2761B94850100E5AC1F /* Data.Maybe.swift in Sources */,
				EC6634961BB48E0B0086B71B /* Control.Monad.swift in Sources */,
				EC72BA2C1B97711100192C2B /* Control.Applicative.swift in Sources */,
			);
			runOnlyForDeploymentPostprocessing = 0;
		};
		ECF75E901B7E1B420047B0F7 /* Sources */ = {
			isa = PBXSourcesBuildPhase;
			buildActionMask = 2147483647;
			files = (
				EC07BEAB1BE75265003E0EE8 /* PlaySpec.swift in Sources */,
				EC0F91041B959CFF00A79D74 /* Data.OrdSpec.swift in Sources */,
				ECF7E2781B94851D00E5AC1F /* Data.MaybeSpec.swift in Sources */,
				EC17FE9D1BEE952E00633AFC /* QualifierProtocol.swift in Sources */,
				ECF7E27C1B949B1C00E5AC1F /* GHC.NumSpec.swift in Sources */,
				ECFAB3491B92096300017F83 /* Data.TupleSpec.swift in Sources */,
				EC72BA2E1B97712000192C2B /* Control.ApplicativeSpec.swift in Sources */,
				EC6634981BB48E2B0086B71B /* Control.MonadSpec.swift in Sources */,
				ECF7E27D1B94E73C00E5AC1F /* Data.ListSpec.swift in Sources */,
				EC05C20B1B90E83200D93E51 /* Data.CharSpec.swift in Sources */,
				ECFA70041B93319E00DCEA5C /* Data.FunctorSpec.swift in Sources */,
			);
			runOnlyForDeploymentPostprocessing = 0;
		};
		ECF75E9B1B7E1B420047B0F7 /* Sources */ = {
			isa = PBXSourcesBuildPhase;
			buildActionMask = 2147483647;
			files = (
				ECF75EA41B7E1B420047B0F7 /* HaskellSwiftUITests.swift in Sources */,
			);
			runOnlyForDeploymentPostprocessing = 0;
		};
/* End PBXSourcesBuildPhase section */

/* Begin PBXTargetDependency section */
		ECF75E961B7E1B420047B0F7 /* PBXTargetDependency */ = {
			isa = PBXTargetDependency;
			target = ECF75E821B7E1B420047B0F7 /* HaskellSwift */;
			targetProxy = ECF75E951B7E1B420047B0F7 /* PBXContainerItemProxy */;
		};
		ECF75EA11B7E1B420047B0F7 /* PBXTargetDependency */ = {
			isa = PBXTargetDependency;
			target = ECF75E821B7E1B420047B0F7 /* HaskellSwift */;
			targetProxy = ECF75EA01B7E1B420047B0F7 /* PBXContainerItemProxy */;
		};
/* End PBXTargetDependency section */

/* Begin PBXVariantGroup section */
		ECF75E8C1B7E1B420047B0F7 /* Main.storyboard */ = {
			isa = PBXVariantGroup;
			children = (
				ECF75E8D1B7E1B420047B0F7 /* Base */,
			);
			name = Main.storyboard;
			sourceTree = "<group>";
		};
/* End PBXVariantGroup section */

/* Begin XCBuildConfiguration section */
		ECF75EA61B7E1B420047B0F7 /* Debug */ = {
			isa = XCBuildConfiguration;
			buildSettings = {
				ALWAYS_SEARCH_USER_PATHS = NO;
				CLANG_CXX_LANGUAGE_STANDARD = "gnu++0x";
				CLANG_CXX_LIBRARY = "libc++";
				CLANG_ENABLE_MODULES = YES;
				CLANG_ENABLE_OBJC_ARC = YES;
				CLANG_WARN_BOOL_CONVERSION = YES;
				CLANG_WARN_CONSTANT_CONVERSION = YES;
				CLANG_WARN_DIRECT_OBJC_ISA_USAGE = YES_ERROR;
				CLANG_WARN_EMPTY_BODY = YES;
				CLANG_WARN_ENUM_CONVERSION = YES;
				CLANG_WARN_INT_CONVERSION = YES;
				CLANG_WARN_OBJC_ROOT_CLASS = YES_ERROR;
				CLANG_WARN_UNREACHABLE_CODE = YES;
				CLANG_WARN__DUPLICATE_METHOD_MATCH = YES;
				CODE_SIGN_IDENTITY = "-";
				COPY_PHASE_STRIP = NO;
				DEBUG_INFORMATION_FORMAT = dwarf;
				ENABLE_STRICT_OBJC_MSGSEND = YES;
				ENABLE_TESTABILITY = YES;
				GCC_C_LANGUAGE_STANDARD = gnu99;
				GCC_DYNAMIC_NO_PIC = NO;
				GCC_NO_COMMON_BLOCKS = YES;
				GCC_OPTIMIZATION_LEVEL = 0;
				GCC_PREPROCESSOR_DEFINITIONS = (
					"DEBUG=1",
					"$(inherited)",
				);
				GCC_WARN_64_TO_32_BIT_CONVERSION = YES;
				GCC_WARN_ABOUT_RETURN_TYPE = YES_ERROR;
				GCC_WARN_UNDECLARED_SELECTOR = YES;
				GCC_WARN_UNINITIALIZED_AUTOS = YES_AGGRESSIVE;
				GCC_WARN_UNUSED_FUNCTION = YES;
				GCC_WARN_UNUSED_VARIABLE = YES;
				MACOSX_DEPLOYMENT_TARGET = 10.10;
				MTL_ENABLE_DEBUG_INFO = YES;
				ONLY_ACTIVE_ARCH = YES;
				SDKROOT = macosx;
				SWIFT_OPTIMIZATION_LEVEL = "-Onone";
			};
			name = Debug;
		};
		ECF75EA71B7E1B420047B0F7 /* Release */ = {
			isa = XCBuildConfiguration;
			buildSettings = {
				ALWAYS_SEARCH_USER_PATHS = NO;
				CLANG_CXX_LANGUAGE_STANDARD = "gnu++0x";
				CLANG_CXX_LIBRARY = "libc++";
				CLANG_ENABLE_MODULES = YES;
				CLANG_ENABLE_OBJC_ARC = YES;
				CLANG_WARN_BOOL_CONVERSION = YES;
				CLANG_WARN_CONSTANT_CONVERSION = YES;
				CLANG_WARN_DIRECT_OBJC_ISA_USAGE = YES_ERROR;
				CLANG_WARN_EMPTY_BODY = YES;
				CLANG_WARN_ENUM_CONVERSION = YES;
				CLANG_WARN_INT_CONVERSION = YES;
				CLANG_WARN_OBJC_ROOT_CLASS = YES_ERROR;
				CLANG_WARN_UNREACHABLE_CODE = YES;
				CLANG_WARN__DUPLICATE_METHOD_MATCH = YES;
				CODE_SIGN_IDENTITY = "-";
				COPY_PHASE_STRIP = NO;
				DEBUG_INFORMATION_FORMAT = "dwarf-with-dsym";
				ENABLE_NS_ASSERTIONS = NO;
				ENABLE_STRICT_OBJC_MSGSEND = YES;
				GCC_C_LANGUAGE_STANDARD = gnu99;
				GCC_NO_COMMON_BLOCKS = YES;
				GCC_WARN_64_TO_32_BIT_CONVERSION = YES;
				GCC_WARN_ABOUT_RETURN_TYPE = YES_ERROR;
				GCC_WARN_UNDECLARED_SELECTOR = YES;
				GCC_WARN_UNINITIALIZED_AUTOS = YES_AGGRESSIVE;
				GCC_WARN_UNUSED_FUNCTION = YES;
				GCC_WARN_UNUSED_VARIABLE = YES;
				MACOSX_DEPLOYMENT_TARGET = 10.10;
				MTL_ENABLE_DEBUG_INFO = NO;
				SDKROOT = macosx;
			};
			name = Release;
		};
		ECF75EA91B7E1B420047B0F7 /* Debug */ = {
			isa = XCBuildConfiguration;
			buildSettings = {
				ASSETCATALOG_COMPILER_APPICON_NAME = AppIcon;
				CODE_SIGN_IDENTITY = "Mac Developer";
				"CODE_SIGN_IDENTITY[sdk=macosx*]" = "Mac Developer";
				COMBINE_HIDPI_IMAGES = YES;
				FRAMEWORK_SEARCH_PATHS = (
					"$(inherited)",
					"$(PROJECT_DIR)/Frameworks",
				);
				INFOPLIST_FILE = HaskellSwift/Info.plist;
				LD_RUNPATH_SEARCH_PATHS = "$(inherited) @executable_path/../Frameworks";
				OTHER_CODE_SIGN_FLAGS = "--deep";
				OTHER_SWIFT_FLAGS = "";
				PRODUCT_BUNDLE_IDENTIFIER = com.unchartedworks.HaskellSwift;
				PRODUCT_NAME = "$(TARGET_NAME)";
				PROVISIONING_PROFILE = "";
			};
			name = Debug;
		};
		ECF75EAA1B7E1B420047B0F7 /* Release */ = {
			isa = XCBuildConfiguration;
			buildSettings = {
				ASSETCATALOG_COMPILER_APPICON_NAME = AppIcon;
				CODE_SIGN_IDENTITY = "Mac Developer";
				"CODE_SIGN_IDENTITY[sdk=macosx*]" = "Mac Developer";
				COMBINE_HIDPI_IMAGES = YES;
				FRAMEWORK_SEARCH_PATHS = (
					"$(inherited)",
					"$(PROJECT_DIR)/Frameworks",
				);
				INFOPLIST_FILE = HaskellSwift/Info.plist;
				LD_RUNPATH_SEARCH_PATHS = "$(inherited) @executable_path/../Frameworks";
				OTHER_CODE_SIGN_FLAGS = "--deep";
				OTHER_SWIFT_FLAGS = "";
				PRODUCT_BUNDLE_IDENTIFIER = com.unchartedworks.HaskellSwift;
				PRODUCT_NAME = "$(TARGET_NAME)";
				PROVISIONING_PROFILE = "";
			};
			name = Release;
		};
		ECF75EAC1B7E1B420047B0F7 /* Debug */ = {
			isa = XCBuildConfiguration;
			buildSettings = {
				BUNDLE_LOADER = "$(TEST_HOST)";
				CODE_SIGN_IDENTITY = "";
				COMBINE_HIDPI_IMAGES = YES;
				FRAMEWORK_SEARCH_PATHS = (
					"$(inherited)",
					"$(PROJECT_DIR)/Frameworks",
				);
				INFOPLIST_FILE = HaskellSwiftTests/Info.plist;
				LD_RUNPATH_SEARCH_PATHS = "$(inherited) @executable_path/../Frameworks @loader_path/../Frameworks";
				OTHER_CODE_SIGN_FLAGS = "--deep";
				OTHER_SWIFT_FLAGS = "-j 4";
				PRODUCT_BUNDLE_IDENTIFIER = com.unchartedworks.HaskellSwiftTests;
				PRODUCT_NAME = "$(TARGET_NAME)";
				TEST_HOST = "$(BUILT_PRODUCTS_DIR)/HaskellSwift.app/Contents/MacOS/HaskellSwift";
			};
			name = Debug;
		};
		ECF75EAD1B7E1B420047B0F7 /* Release */ = {
			isa = XCBuildConfiguration;
			buildSettings = {
				BUNDLE_LOADER = "$(TEST_HOST)";
				CODE_SIGN_IDENTITY = "";
				COMBINE_HIDPI_IMAGES = YES;
				FRAMEWORK_SEARCH_PATHS = (
					"$(inherited)",
					"$(PROJECT_DIR)/Frameworks",
				);
				INFOPLIST_FILE = HaskellSwiftTests/Info.plist;
				LD_RUNPATH_SEARCH_PATHS = "$(inherited) @executable_path/../Frameworks @loader_path/../Frameworks";
				OTHER_CODE_SIGN_FLAGS = "--deep";
				OTHER_SWIFT_FLAGS = "-j 4";
				PRODUCT_BUNDLE_IDENTIFIER = com.unchartedworks.HaskellSwiftTests;
				PRODUCT_NAME = "$(TARGET_NAME)";
				TEST_HOST = "$(BUILT_PRODUCTS_DIR)/HaskellSwift.app/Contents/MacOS/HaskellSwift";
			};
			name = Release;
		};
		ECF75EAF1B7E1B420047B0F7 /* Debug */ = {
			isa = XCBuildConfiguration;
			buildSettings = {
				COMBINE_HIDPI_IMAGES = YES;
				INFOPLIST_FILE = HaskellSwiftUITests/Info.plist;
				LD_RUNPATH_SEARCH_PATHS = "$(inherited) @executable_path/../Frameworks @loader_path/../Frameworks";
				PRODUCT_BUNDLE_IDENTIFIER = com.unchartedworks.HaskellSwiftUITests;
				PRODUCT_NAME = "$(TARGET_NAME)";
				TEST_TARGET_NAME = HaskellSwift;
				USES_XCTRUNNER = YES;
			};
			name = Debug;
		};
		ECF75EB01B7E1B420047B0F7 /* Release */ = {
			isa = XCBuildConfiguration;
			buildSettings = {
				COMBINE_HIDPI_IMAGES = YES;
				INFOPLIST_FILE = HaskellSwiftUITests/Info.plist;
				LD_RUNPATH_SEARCH_PATHS = "$(inherited) @executable_path/../Frameworks @loader_path/../Frameworks";
				PRODUCT_BUNDLE_IDENTIFIER = com.unchartedworks.HaskellSwiftUITests;
				PRODUCT_NAME = "$(TARGET_NAME)";
				TEST_TARGET_NAME = HaskellSwift;
				USES_XCTRUNNER = YES;
			};
			name = Release;
		};
/* End XCBuildConfiguration section */

/* Begin XCConfigurationList section */
		ECF75E7E1B7E1B420047B0F7 /* Build configuration list for PBXProject "HaskellSwift" */ = {
			isa = XCConfigurationList;
			buildConfigurations = (
				ECF75EA61B7E1B420047B0F7 /* Debug */,
				ECF75EA71B7E1B420047B0F7 /* Release */,
			);
			defaultConfigurationIsVisible = 0;
			defaultConfigurationName = Release;
		};
		ECF75EA81B7E1B420047B0F7 /* Build configuration list for PBXNativeTarget "HaskellSwift" */ = {
			isa = XCConfigurationList;
			buildConfigurations = (
				ECF75EA91B7E1B420047B0F7 /* Debug */,
				ECF75EAA1B7E1B420047B0F7 /* Release */,
			);
			defaultConfigurationIsVisible = 0;
			defaultConfigurationName = Release;
		};
		ECF75EAB1B7E1B420047B0F7 /* Build configuration list for PBXNativeTarget "HaskellSwiftTests" */ = {
			isa = XCConfigurationList;
			buildConfigurations = (
				ECF75EAC1B7E1B420047B0F7 /* Debug */,
				ECF75EAD1B7E1B420047B0F7 /* Release */,
			);
			defaultConfigurationIsVisible = 0;
			defaultConfigurationName = Release;
		};
		ECF75EAE1B7E1B420047B0F7 /* Build configuration list for PBXNativeTarget "HaskellSwiftUITests" */ = {
			isa = XCConfigurationList;
			buildConfigurations = (
				ECF75EAF1B7E1B420047B0F7 /* Debug */,
				ECF75EB01B7E1B420047B0F7 /* Release */,
			);
			defaultConfigurationIsVisible = 0;
			defaultConfigurationName = Release;
		};
/* End XCConfigurationList section */
	};
	rootObject = ECF75E7B1B7E1B420047B0F7 /* Project object */;
}
